{
  "lockfile-version": 1,
  "manifest": {
    "version": 1,
    "install": {
      "go": {
        "pkg-path": "go",
        "version": "^1.23.4"
      },
      "gum": {
        "pkg-path": "gum"
      },
      "httpie": {
        "pkg-path": "httpie"
      },
      "redis": {
        "pkg-path": "redis"
      }
    },
    "vars": {
      "REDISBIND": "127.0.0.1",
      "REDISPORT": "16379"
    },
    "hook": {
      "on-activate": "\n# XXX: https://github.com/flox/flox/issues/1341\nunset LD_AUDIT\n\nexport REDISHOME=\"$FLOX_ENV_CACHE/redis\"\nexport REDISDATA=\"$REDISHOME/data\"\nexport REDISCONFIG=\"$REDISHOME/redis.conf\"\n\nif [ ! -d \"$REDISDATA\" ]; then\n  mkdir -p \"$REDISDATA\"\nfi\n\ncat >$REDISCONFIG <<EOF\nbind $REDISBIND\nport $REDISPORT\nEOF\n\n\n  # Autogenerated by Flox\n\n  # Point GOENV to Flox environment cache\n  export GOENV=\"$FLOX_ENV_CACHE/goenv\"\n\n  # Install Go dependencies\n  go get .\n\n  # End autogenerated by Flox\n"
    },
    "profile": {
      "common": "echo \"\"\necho \"     ╔═════════════════════════════════════╗\"\necho \"     ║                                     ║\"\necho \"     ║  Start Redis in the background:     ║\"\necho \"     ║  👉 flox services start             ║\"\necho \"     ║  👉 flox activate --start-services  ║\"\necho \"     ║                                     ║\"\necho \"     ║  Try to connect to Redis:           ║\"\necho \"     ║  👉redis-cli -p \\$REDISPORT ping     ║\"\necho \"     ║                                     ║\"\necho \"     ╚═════════════════════════════════════╝\"\necho \"\"\n"
    },
    "options": {
      "systems": [
        "aarch64-darwin",
        "aarch64-linux",
        "x86_64-darwin",
        "x86_64-linux"
      ]
    },
    "services": {
      "app": {
        "command": "go run main.go"
      },
      "load_quotes": {
        "command": "redis-cli -p $REDISPORT SET quotesjson \"$(cat quotes.json)\""
      },
      "redis": {
        "command": "redis-server \"$REDISCONFIG\" \\\n  --daemonize no \\\n  --dir \"$REDISDATA\"\n"
      }
    },
    "build": {
      "quotes-app": {
        "command": "  mkdir -p $out/{lib,bin}\n  cp -pr quotes.json $out/lib\n\tgo mod tidy\n  go build -trimpath -o $out/bin/quotes-app-go main.go\n  chmod +x $out/bin/quotes-app-go\n",
        "version": "0.0.1",
        "description": "Quotes App written in Go"
      }
    }
  },
  "packages": [
    {
      "attr_path": "go",
      "broken": false,
      "derivation": "/nix/store/64rdsj50y7y019hy08vjn9bbkqs4xv94-go-1.24.5.drv",
      "description": "Go Programming language",
      "install_id": "go",
      "license": "BSD-3-Clause",
      "locked_url": "https://github.com/flox/nixpkgs?rev=20075955deac2583bb12f07151c2df830ef346b4",
      "name": "go-1.24.5",
      "pname": "go",
      "rev": "20075955deac2583bb12f07151c2df830ef346b4",
      "rev_count": 846535,
      "rev_date": "2025-08-19T15:00:17Z",
      "scrape_date": "2025-08-24T15:38:53.852940Z",
      "stabilities": [
        "unstable"
      ],
      "unfree": false,
      "version": "1.24.5",
      "outputs_to_install": [
        "out"
      ],
      "outputs": {
        "out": "/nix/store/kw1vd98s15vj700m3gx2x2xca2z477i3-go-1.24.5"
      },
      "system": "aarch64-darwin",
      "group": "toplevel",
      "priority": 5
    },
    {
      "attr_path": "go",
      "broken": false,
      "derivation": "/nix/store/w5wx665g669d26ms6q6wyl7ga4vqqfbh-go-1.24.5.drv",
      "description": "Go Programming language",
      "install_id": "go",
      "license": "BSD-3-Clause",
      "locked_url": "https://github.com/flox/nixpkgs?rev=20075955deac2583bb12f07151c2df830ef346b4",
      "name": "go-1.24.5",
      "pname": "go",
      "rev": "20075955deac2583bb12f07151c2df830ef346b4",
      "rev_count": 846535,
      "rev_date": "2025-08-19T15:00:17Z",
      "scrape_date": "2025-08-24T16:05:26.651219Z",
      "stabilities": [
        "unstable"
      ],
      "unfree": false,
      "version": "1.24.5",
      "outputs_to_install": [
        "out"
      ],
      "outputs": {
        "out": "/nix/store/5bzlaj0c4mqw9p0zrcx5g9vz16vd45dl-go-1.24.5"
      },
      "system": "aarch64-linux",
      "group": "toplevel",
      "priority": 5
    },
    {
      "attr_path": "go",
      "broken": false,
      "derivation": "/nix/store/sblxqar4xfxgxy55z3h3mdfgrp7vm1lj-go-1.24.5.drv",
      "description": "Go Programming language",
      "install_id": "go",
      "license": "BSD-3-Clause",
      "locked_url": "https://github.com/flox/nixpkgs?rev=20075955deac2583bb12f07151c2df830ef346b4",
      "name": "go-1.24.5",
      "pname": "go",
      "rev": "20075955deac2583bb12f07151c2df830ef346b4",
      "rev_count": 846535,
      "rev_date": "2025-08-19T15:00:17Z",
      "scrape_date": "2025-08-24T16:29:26.066648Z",
      "stabilities": [
        "unstable"
      ],
      "unfree": false,
      "version": "1.24.5",
      "outputs_to_install": [
        "out"
      ],
      "outputs": {
        "out": "/nix/store/b72n20ixzl5ja9vciwahkr30bhmsn5jc-go-1.24.5"
      },
      "system": "x86_64-darwin",
      "group": "toplevel",
      "priority": 5
    },
    {
      "attr_path": "go",
      "broken": false,
      "derivation": "/nix/store/n3ggn80wfjjbrgnlh0q8zrmfmdlcmd0b-go-1.24.5.drv",
      "description": "Go Programming language",
      "install_id": "go",
      "license": "BSD-3-Clause",
      "locked_url": "https://github.com/flox/nixpkgs?rev=20075955deac2583bb12f07151c2df830ef346b4",
      "name": "go-1.24.5",
      "pname": "go",
      "rev": "20075955deac2583bb12f07151c2df830ef346b4",
      "rev_count": 846535,
      "rev_date": "2025-08-19T15:00:17Z",
      "scrape_date": "2025-08-24T16:57:27.960410Z",
      "stabilities": [
        "unstable"
      ],
      "unfree": false,
      "version": "1.24.5",
      "outputs_to_install": [
        "out"
      ],
      "outputs": {
        "out": "/nix/store/y4awwzp30ka130wmjrpaqjmjdf9p010w-go-1.24.5"
      },
      "system": "x86_64-linux",
      "group": "toplevel",
      "priority": 5
    },
    {
      "attr_path": "gum",
      "broken": false,
      "derivation": "/nix/store/pg3cdd51qdyvz1y4f40sppnzi48w6kql-gum-0.16.2.drv",
      "description": "Tasty Bubble Gum for your shell",
      "install_id": "gum",
      "license": "MIT",
      "locked_url": "https://github.com/flox/nixpkgs?rev=20075955deac2583bb12f07151c2df830ef346b4",
      "name": "gum-0.16.2",
      "pname": "gum",
      "rev": "20075955deac2583bb12f07151c2df830ef346b4",
      "rev_count": 846535,
      "rev_date": "2025-08-19T15:00:17Z",
      "scrape_date": "2025-08-24T15:38:54.054101Z",
      "stabilities": [
        "unstable"
      ],
      "unfree": false,
      "version": "0.16.2",
      "outputs_to_install": [
        "out"
      ],
      "outputs": {
        "out": "/nix/store/s9w5fifwbcl92x3r55r9lbiwmlyrlfig-gum-0.16.2"
      },
      "system": "aarch64-darwin",
      "group": "toplevel",
      "priority": 5
    },
    {
      "attr_path": "gum",
      "broken": false,
      "derivation": "/nix/store/h7k81r0f4j065q10xnl4h3dib8vyw8qj-gum-0.16.2.drv",
      "description": "Tasty Bubble Gum for your shell",
      "install_id": "gum",
      "license": "MIT",
      "locked_url": "https://github.com/flox/nixpkgs?rev=20075955deac2583bb12f07151c2df830ef346b4",
      "name": "gum-0.16.2",
      "pname": "gum",
      "rev": "20075955deac2583bb12f07151c2df830ef346b4",
      "rev_count": 846535,
      "rev_date": "2025-08-19T15:00:17Z",
      "scrape_date": "2025-08-24T16:05:26.984400Z",
      "stabilities": [
        "unstable"
      ],
      "unfree": false,
      "version": "0.16.2",
      "outputs_to_install": [
        "out"
      ],
      "outputs": {
        "out": "/nix/store/7z4r5akxz40nfji1jz4bdk99k1biwdkc-gum-0.16.2"
      },
      "system": "aarch64-linux",
      "group": "toplevel",
      "priority": 5
    },
    {
      "attr_path": "gum",
      "broken": false,
      "derivation": "/nix/store/yv03ry4f80wp5cgxdb1d13l67n89lrv0-gum-0.16.2.drv",
      "description": "Tasty Bubble Gum for your shell",
      "install_id": "gum",
      "license": "MIT",
      "locked_url": "https://github.com/flox/nixpkgs?rev=20075955deac2583bb12f07151c2df830ef346b4",
      "name": "gum-0.16.2",
      "pname": "gum",
      "rev": "20075955deac2583bb12f07151c2df830ef346b4",
      "rev_count": 846535,
      "rev_date": "2025-08-19T15:00:17Z",
      "scrape_date": "2025-08-24T16:29:26.288938Z",
      "stabilities": [
        "unstable"
      ],
      "unfree": false,
      "version": "0.16.2",
      "outputs_to_install": [
        "out"
      ],
      "outputs": {
        "out": "/nix/store/r6q70l6jqmgmmv8br9dpvh23c4lqkapq-gum-0.16.2"
      },
      "system": "x86_64-darwin",
      "group": "toplevel",
      "priority": 5
    },
    {
      "attr_path": "gum",
      "broken": false,
      "derivation": "/nix/store/1rl9xkxjazii9zr7ci73sjk20dp4v2yp-gum-0.16.2.drv",
      "description": "Tasty Bubble Gum for your shell",
      "install_id": "gum",
      "license": "MIT",
      "locked_url": "https://github.com/flox/nixpkgs?rev=20075955deac2583bb12f07151c2df830ef346b4",
      "name": "gum-0.16.2",
      "pname": "gum",
      "rev": "20075955deac2583bb12f07151c2df830ef346b4",
      "rev_count": 846535,
      "rev_date": "2025-08-19T15:00:17Z",
      "scrape_date": "2025-08-24T16:57:28.362539Z",
      "stabilities": [
        "unstable"
      ],
      "unfree": false,
      "version": "0.16.2",
      "outputs_to_install": [
        "out"
      ],
      "outputs": {
        "out": "/nix/store/ghqbmfsmdhccms652yx3n0mkj86jlz8r-gum-0.16.2"
      },
      "system": "x86_64-linux",
      "group": "toplevel",
      "priority": 5
    },
    {
      "attr_path": "httpie",
      "broken": false,
      "derivation": "/nix/store/j7ph58mzx1xqc82p417iwf7c95rmijmd-python3.13-httpie-3.2.4.drv",
      "description": "Command line HTTP client whose goal is to make CLI human-friendly",
      "install_id": "httpie",
      "license": "BSD-3-Clause",
      "locked_url": "https://github.com/flox/nixpkgs?rev=20075955deac2583bb12f07151c2df830ef346b4",
      "name": "httpie-3.2.4",
      "pname": "httpie",
      "rev": "20075955deac2583bb12f07151c2df830ef346b4",
      "rev_count": 846535,
      "rev_date": "2025-08-19T15:00:17Z",
      "scrape_date": "2025-08-24T15:38:54.184968Z",
      "stabilities": [
        "unstable"
      ],
      "unfree": false,
      "version": "3.2.4",
      "outputs_to_install": [
        "out"
      ],
      "outputs": {
        "dist": "/nix/store/35fl1gb4kb5952vnz61rg73dkq380442-python3.13-httpie-3.2.4-dist",
        "out": "/nix/store/xr231p4q6sib62ya06dmal5mqkx3mw71-python3.13-httpie-3.2.4"
      },
      "system": "aarch64-darwin",
      "group": "toplevel",
      "priority": 5
    },
    {
      "attr_path": "httpie",
      "broken": false,
      "derivation": "/nix/store/94d9bjx61wffvygxcxy11ds4jgvry0xz-python3.13-httpie-3.2.4.drv",
      "description": "Command line HTTP client whose goal is to make CLI human-friendly",
      "install_id": "httpie",
      "license": "BSD-3-Clause",
      "locked_url": "https://github.com/flox/nixpkgs?rev=20075955deac2583bb12f07151c2df830ef346b4",
      "name": "httpie-3.2.4",
      "pname": "httpie",
      "rev": "20075955deac2583bb12f07151c2df830ef346b4",
      "rev_count": 846535,
      "rev_date": "2025-08-19T15:00:17Z",
      "scrape_date": "2025-08-24T16:05:27.753081Z",
      "stabilities": [
        "unstable"
      ],
      "unfree": false,
      "version": "3.2.4",
      "outputs_to_install": [
        "out"
      ],
      "outputs": {
        "dist": "/nix/store/f49v94sdzwwm6ibhggkrpxvi3yg0ari9-python3.13-httpie-3.2.4-dist",
        "out": "/nix/store/cgw4gimr0im69ffsdyqryssq5zr86npa-python3.13-httpie-3.2.4"
      },
      "system": "aarch64-linux",
      "group": "toplevel",
      "priority": 5
    },
    {
      "attr_path": "httpie",
      "broken": false,
      "derivation": "/nix/store/l682nsc638a138g9ry40fx2fphkxmxic-python3.13-httpie-3.2.4.drv",
      "description": "Command line HTTP client whose goal is to make CLI human-friendly",
      "install_id": "httpie",
      "license": "BSD-3-Clause",
      "locked_url": "https://github.com/flox/nixpkgs?rev=20075955deac2583bb12f07151c2df830ef346b4",
      "name": "httpie-3.2.4",
      "pname": "httpie",
      "rev": "20075955deac2583bb12f07151c2df830ef346b4",
      "rev_count": 846535,
      "rev_date": "2025-08-19T15:00:17Z",
      "scrape_date": "2025-08-24T16:29:26.425770Z",
      "stabilities": [
        "unstable"
      ],
      "unfree": false,
      "version": "3.2.4",
      "outputs_to_install": [
        "out"
      ],
      "outputs": {
        "dist": "/nix/store/lgi3zh376dbr2iawhhd8hw958cdsmpbw-python3.13-httpie-3.2.4-dist",
        "out": "/nix/store/ymzvbkq13cf45sdzfsvdnx1rm0d9d8hx-python3.13-httpie-3.2.4"
      },
      "system": "x86_64-darwin",
      "group": "toplevel",
      "priority": 5
    },
    {
      "attr_path": "httpie",
      "broken": false,
      "derivation": "/nix/store/543a9hcg4vly8an48ymiqxwgfhykmgkx-python3.13-httpie-3.2.4.drv",
      "description": "Command line HTTP client whose goal is to make CLI human-friendly",
      "install_id": "httpie",
      "license": "BSD-3-Clause",
      "locked_url": "https://github.com/flox/nixpkgs?rev=20075955deac2583bb12f07151c2df830ef346b4",
      "name": "httpie-3.2.4",
      "pname": "httpie",
      "rev": "20075955deac2583bb12f07151c2df830ef346b4",
      "rev_count": 846535,
      "rev_date": "2025-08-19T15:00:17Z",
      "scrape_date": "2025-08-24T16:57:29.175931Z",
      "stabilities": [
        "unstable"
      ],
      "unfree": false,
      "version": "3.2.4",
      "outputs_to_install": [
        "out"
      ],
      "outputs": {
        "dist": "/nix/store/0rz883gyx30ggxkh51dsqw0px0dxmj30-python3.13-httpie-3.2.4-dist",
        "out": "/nix/store/5cc08zz45zfrl0ka58abjcp8hwhib7zp-python3.13-httpie-3.2.4"
      },
      "system": "x86_64-linux",
      "group": "toplevel",
      "priority": 5
    },
    {
      "attr_path": "redis",
      "broken": false,
      "derivation": "/nix/store/q1cxspk28mfb8zqpaa3aiyl3n59rwzdn-redis-8.0.3.drv",
      "description": "Open source, advanced key-value store",
      "install_id": "redis",
      "license": "AGPL-3.0-only",
      "locked_url": "https://github.com/flox/nixpkgs?rev=20075955deac2583bb12f07151c2df830ef346b4",
      "name": "redis-8.0.3",
      "pname": "redis",
      "rev": "20075955deac2583bb12f07151c2df830ef346b4",
      "rev_count": 846535,
      "rev_date": "2025-08-19T15:00:17Z",
      "scrape_date": "2025-08-24T15:39:37.646425Z",
      "stabilities": [
        "unstable"
      ],
      "unfree": false,
      "version": "8.0.3",
      "outputs_to_install": [
        "out"
      ],
      "outputs": {
        "out": "/nix/store/zyyppkv563hb1cwg8aawl1cw25vdb9bv-redis-8.0.3"
      },
      "system": "aarch64-darwin",
      "group": "toplevel",
      "priority": 5
    },
    {
      "attr_path": "redis",
      "broken": false,
      "derivation": "/nix/store/1qaswfgn83c0mdgznd20f3kf3b1ffygb-redis-8.0.3.drv",
      "description": "Open source, advanced key-value store",
      "install_id": "redis",
      "license": "AGPL-3.0-only",
      "locked_url": "https://github.com/flox/nixpkgs?rev=20075955deac2583bb12f07151c2df830ef346b4",
      "name": "redis-8.0.3",
      "pname": "redis",
      "rev": "20075955deac2583bb12f07151c2df830ef346b4",
      "rev_count": 846535,
      "rev_date": "2025-08-19T15:00:17Z",
      "scrape_date": "2025-08-24T16:06:40.423809Z",
      "stabilities": [
        "unstable"
      ],
      "unfree": false,
      "version": "8.0.3",
      "outputs_to_install": [
        "out"
      ],
      "outputs": {
        "out": "/nix/store/sg35kg53lc9n1z1xabx0cfbrc9kkgzzd-redis-8.0.3"
      },
      "system": "aarch64-linux",
      "group": "toplevel",
      "priority": 5
    },
    {
      "attr_path": "redis",
      "broken": false,
      "derivation": "/nix/store/58radzlkz22wh23c7bwsw94r5bd5sqza-redis-8.0.3.drv",
      "description": "Open source, advanced key-value store",
      "install_id": "redis",
      "license": "AGPL-3.0-only",
      "locked_url": "https://github.com/flox/nixpkgs?rev=20075955deac2583bb12f07151c2df830ef346b4",
      "name": "redis-8.0.3",
      "pname": "redis",
      "rev": "20075955deac2583bb12f07151c2df830ef346b4",
      "rev_count": 846535,
      "rev_date": "2025-08-19T15:00:17Z",
      "scrape_date": "2025-08-24T16:30:06.520147Z",
      "stabilities": [
        "unstable"
      ],
      "unfree": false,
      "version": "8.0.3",
      "outputs_to_install": [
        "out"
      ],
      "outputs": {
        "out": "/nix/store/3w0kns1p5b810mklnvy76dgzj8v9g1y8-redis-8.0.3"
      },
      "system": "x86_64-darwin",
      "group": "toplevel",
      "priority": 5
    },
    {
      "attr_path": "redis",
      "broken": false,
      "derivation": "/nix/store/0wbb40g78d2npiw2rsp4k3xn8h8qp68x-redis-8.0.3.drv",
      "description": "Open source, advanced key-value store",
      "install_id": "redis",
      "license": "AGPL-3.0-only",
      "locked_url": "https://github.com/flox/nixpkgs?rev=20075955deac2583bb12f07151c2df830ef346b4",
      "name": "redis-8.0.3",
      "pname": "redis",
      "rev": "20075955deac2583bb12f07151c2df830ef346b4",
      "rev_count": 846535,
      "rev_date": "2025-08-19T15:00:17Z",
      "scrape_date": "2025-08-24T16:58:43.857999Z",
      "stabilities": [
        "unstable"
      ],
      "unfree": false,
      "version": "8.0.3",
      "outputs_to_install": [
        "out"
      ],
      "outputs": {
        "out": "/nix/store/1klgzhcjnny15c4y0wm4wjgdaypzlfkd-redis-8.0.3"
      },
      "system": "x86_64-linux",
      "group": "toplevel",
      "priority": 5
    }
  ],
  "compose": {
    "composer": {
      "version": 1,
      "install": {
        "go": {
          "pkg-path": "go",
          "version": "^1.23.4"
        },
        "httpie": {
          "pkg-path": "httpie"
        }
      },
      "hook": {
        "on-activate": "  # Autogenerated by Flox\n\n  # Point GOENV to Flox environment cache\n  export GOENV=\"$FLOX_ENV_CACHE/goenv\"\n\n  # Install Go dependencies\n  go get .\n\n  # End autogenerated by Flox\n"
      },
      "profile": {},
      "options": {},
      "services": {
        "app": {
          "command": "go run main.go"
        },
        "load_quotes": {
          "command": "redis-cli -p $REDISPORT SET quotesjson \"$(cat quotes.json)\""
        }
      },
      "build": {
        "quotes-app": {
          "command": "  mkdir -p $out/{lib,bin}\n  cp -pr quotes.json $out/lib\n\tgo mod tidy\n  go build -trimpath -o $out/bin/quotes-app-go main.go\n  chmod +x $out/bin/quotes-app-go\n",
          "version": "0.0.1",
          "description": "Quotes App written in Go"
        }
      },
      "include": {
        "environments": [
          {
            "remote": "flox/redis"
          }
        ]
      }
    },
    "include": [
      {
        "manifest": {
          "version": 1,
          "install": {
            "gum": {
              "pkg-path": "gum"
            },
            "redis": {
              "pkg-path": "redis"
            }
          },
          "vars": {
            "REDISBIND": "127.0.0.1",
            "REDISPORT": "16379"
          },
          "hook": {
            "on-activate": "\n# XXX: https://github.com/flox/flox/issues/1341\nunset LD_AUDIT\n\nexport REDISHOME=\"$FLOX_ENV_CACHE/redis\"\nexport REDISDATA=\"$REDISHOME/data\"\nexport REDISCONFIG=\"$REDISHOME/redis.conf\"\n\nif [ ! -d \"$REDISDATA\" ]; then\n  mkdir -p \"$REDISDATA\"\nfi\n\ncat >$REDISCONFIG <<EOF\nbind $REDISBIND\nport $REDISPORT\nEOF\n\n"
          },
          "profile": {
            "common": "echo \"\"\necho \"     ╔═════════════════════════════════════╗\"\necho \"     ║                                     ║\"\necho \"     ║  Start Redis in the background:     ║\"\necho \"     ║  👉 flox services start             ║\"\necho \"     ║  👉 flox activate --start-services  ║\"\necho \"     ║                                     ║\"\necho \"     ║  Try to connect to Redis:           ║\"\necho \"     ║  👉redis-cli -p \\$REDISPORT ping     ║\"\necho \"     ║                                     ║\"\necho \"     ╚═════════════════════════════════════╝\"\necho \"\"\n"
          },
          "options": {
            "systems": [
              "aarch64-darwin",
              "aarch64-linux",
              "x86_64-darwin",
              "x86_64-linux"
            ]
          },
          "services": {
            "redis": {
              "command": "redis-server \"$REDISCONFIG\" \\\n  --daemonize no \\\n  --dir \"$REDISDATA\"\n"
            }
          }
        },
        "name": "redis",
        "descriptor": {
          "remote": "flox/redis"
        }
      }
    ],
    "warnings": []
  }
}